
Microsoft Visual Studio Solution File, Format Version 12.00
# Visual Studio Version 17
VisualStudioVersion = 17.0.31903.59
MinimumVisualStudioVersion = 10.0.40219.1
Project("{2150E333-8FDC-42A3-9474-1A3956D46DE8}") = "agentic-rag-app", "agentic-rag-app", "{E6B091D0-3021-BD98-CFA0-BD3608D0E06E}"
EndProject
Project("{FAE04EC0-301F-11D3-BF4B-00C04F79EFBC}") = "AgenticRag", "agentic-rag-app\AgenticRag.csproj", "{C5A3988A-FB04-41FD-B6A1-6F2D20429072}"
EndProject
Project("{FAE04EC0-301F-11D3-BF4B-00C04F79EFBC}") = "RagApp.Evaluation.Tests", "RagApp.Evaluation.Tests\RagApp.Evaluation.Tests.csproj", "{6B1F0AD6-0701-4F96-B7D4-50E890B0E813}"
EndProject
Project("{FAE04EC0-301F-11D3-BF4B-00C04F79EFBC}") = "RagApp.UnitTests", "RagApp.UnitTests\RagApp.UnitTests.csproj", "{E6B0F8F4-1145-437C-8F57-30ABB06BEA14}"
EndProject
Project("{FAE04EC0-301F-11D3-BF4B-00C04F79EFBC}") = "IndexingShared", "IndexingShared\IndexingShared.csproj", "{EADF56C2-D145-4FBC-A482-C3DFDB46E827}"
EndProject
Project("{FAE04EC0-301F-11D3-BF4B-00C04F79EFBC}") = "CsvIndexing", "CsvIndexing\CsvIndexing.csproj", "{CDFD1749-189C-4F64-B5D7-E159455336E5}"
EndProject
Global
	GlobalSection(SolutionConfigurationPlatforms) = preSolution
		Debug|Any CPU = Debug|Any CPU
		Debug|x64 = Debug|x64
		Debug|x86 = Debug|x86
		Release|Any CPU = Release|Any CPU
		Release|x64 = Release|x64
		Release|x86 = Release|x86
	EndGlobalSection
	GlobalSection(ProjectConfigurationPlatforms) = postSolution
		{C5A3988A-FB04-41FD-B6A1-6F2D20429072}.Debug|Any CPU.ActiveCfg = Debug|Any CPU
		{C5A3988A-FB04-41FD-B6A1-6F2D20429072}.Debug|Any CPU.Build.0 = Debug|Any CPU
		{C5A3988A-FB04-41FD-B6A1-6F2D20429072}.Debug|x64.ActiveCfg = Debug|Any CPU
		{C5A3988A-FB04-41FD-B6A1-6F2D20429072}.Debug|x64.Build.0 = Debug|Any CPU
		{C5A3988A-FB04-41FD-B6A1-6F2D20429072}.Debug|x86.ActiveCfg = Debug|Any CPU
		{C5A3988A-FB04-41FD-B6A1-6F2D20429072}.Debug|x86.Build.0 = Debug|Any CPU
		{C5A3988A-FB04-41FD-B6A1-6F2D20429072}.Release|Any CPU.ActiveCfg = Release|Any CPU
		{C5A3988A-FB04-41FD-B6A1-6F2D20429072}.Release|Any CPU.Build.0 = Release|Any CPU
		{C5A3988A-FB04-41FD-B6A1-6F2D20429072}.Release|x64.ActiveCfg = Release|Any CPU
		{C5A3988A-FB04-41FD-B6A1-6F2D20429072}.Release|x64.Build.0 = Release|Any CPU
		{C5A3988A-FB04-41FD-B6A1-6F2D20429072}.Release|x86.ActiveCfg = Release|Any CPU
		{C5A3988A-FB04-41FD-B6A1-6F2D20429072}.Release|x86.Build.0 = Release|Any CPU
		{6B1F0AD6-0701-4F96-B7D4-50E890B0E813}.Debug|Any CPU.ActiveCfg = Debug|Any CPU
		{6B1F0AD6-0701-4F96-B7D4-50E890B0E813}.Debug|Any CPU.Build.0 = Debug|Any CPU
		{6B1F0AD6-0701-4F96-B7D4-50E890B0E813}.Debug|x64.ActiveCfg = Debug|Any CPU
		{6B1F0AD6-0701-4F96-B7D4-50E890B0E813}.Debug|x64.Build.0 = Debug|Any CPU
		{6B1F0AD6-0701-4F96-B7D4-50E890B0E813}.Debug|x86.ActiveCfg = Debug|Any CPU
		{6B1F0AD6-0701-4F96-B7D4-50E890B0E813}.Debug|x86.Build.0 = Debug|Any CPU
		{6B1F0AD6-0701-4F96-B7D4-50E890B0E813}.Release|Any CPU.ActiveCfg = Release|Any CPU
		{6B1F0AD6-0701-4F96-B7D4-50E890B0E813}.Release|Any CPU.Build.0 = Release|Any CPU
		{6B1F0AD6-0701-4F96-B7D4-50E890B0E813}.Release|x64.ActiveCfg = Release|Any CPU
		{6B1F0AD6-0701-4F96-B7D4-50E890B0E813}.Release|x64.Build.0 = Release|Any CPU
		{6B1F0AD6-0701-4F96-B7D4-50E890B0E813}.Release|x86.ActiveCfg = Release|Any CPU
		{6B1F0AD6-0701-4F96-B7D4-50E890B0E813}.Release|x86.Build.0 = Release|Any CPU
		{E6B0F8F4-1145-437C-8F57-30ABB06BEA14}.Debug|Any CPU.ActiveCfg = Debug|Any CPU
		{E6B0F8F4-1145-437C-8F57-30ABB06BEA14}.Debug|Any CPU.Build.0 = Debug|Any CPU
		{E6B0F8F4-1145-437C-8F57-30ABB06BEA14}.Debug|x64.ActiveCfg = Debug|Any CPU
		{E6B0F8F4-1145-437C-8F57-30ABB06BEA14}.Debug|x64.Build.0 = Debug|Any CPU
		{E6B0F8F4-1145-437C-8F57-30ABB06BEA14}.Debug|x86.ActiveCfg = Debug|Any CPU
		{E6B0F8F4-1145-437C-8F57-30ABB06BEA14}.Debug|x86.Build.0 = Debug|Any CPU
		{E6B0F8F4-1145-437C-8F57-30ABB06BEA14}.Release|Any CPU.ActiveCfg = Release|Any CPU
		{E6B0F8F4-1145-437C-8F57-30ABB06BEA14}.Release|Any CPU.Build.0 = Release|Any CPU
		{E6B0F8F4-1145-437C-8F57-30ABB06BEA14}.Release|x64.ActiveCfg = Release|Any CPU
		{E6B0F8F4-1145-437C-8F57-30ABB06BEA14}.Release|x64.Build.0 = Release|Any CPU
		{E6B0F8F4-1145-437C-8F57-30ABB06BEA14}.Release|x86.ActiveCfg = Release|Any CPU
		{E6B0F8F4-1145-437C-8F57-30ABB06BEA14}.Release|x86.Build.0 = Release|Any CPU
		{EADF56C2-D145-4FBC-A482-C3DFDB46E827}.Debug|Any CPU.ActiveCfg = Debug|Any CPU
		{EADF56C2-D145-4FBC-A482-C3DFDB46E827}.Debug|Any CPU.Build.0 = Debug|Any CPU
		{EADF56C2-D145-4FBC-A482-C3DFDB46E827}.Debug|x64.ActiveCfg = Debug|Any CPU
		{EADF56C2-D145-4FBC-A482-C3DFDB46E827}.Debug|x64.Build.0 = Debug|Any CPU
		{EADF56C2-D145-4FBC-A482-C3DFDB46E827}.Debug|x86.ActiveCfg = Debug|Any CPU
		{EADF56C2-D145-4FBC-A482-C3DFDB46E827}.Debug|x86.Build.0 = Debug|Any CPU
		{EADF56C2-D145-4FBC-A482-C3DFDB46E827}.Release|Any CPU.ActiveCfg = Release|Any CPU
		{EADF56C2-D145-4FBC-A482-C3DFDB46E827}.Release|Any CPU.Build.0 = Release|Any CPU
		{EADF56C2-D145-4FBC-A482-C3DFDB46E827}.Release|x64.ActiveCfg = Release|Any CPU
		{EADF56C2-D145-4FBC-A482-C3DFDB46E827}.Release|x64.Build.0 = Release|Any CPU
		{EADF56C2-D145-4FBC-A482-C3DFDB46E827}.Release|x86.ActiveCfg = Release|Any CPU
		{EADF56C2-D145-4FBC-A482-C3DFDB46E827}.Release|x86.Build.0 = Release|Any CPU
		{CDFD1749-189C-4F64-B5D7-E159455336E5}.Debug|Any CPU.ActiveCfg = Debug|Any CPU
		{CDFD1749-189C-4F64-B5D7-E159455336E5}.Debug|Any CPU.Build.0 = Debug|Any CPU
		{CDFD1749-189C-4F64-B5D7-E159455336E5}.Debug|x64.ActiveCfg = Debug|Any CPU
		{CDFD1749-189C-4F64-B5D7-E159455336E5}.Debug|x64.Build.0 = Debug|Any CPU
		{CDFD1749-189C-4F64-B5D7-E159455336E5}.Debug|x86.ActiveCfg = Debug|Any CPU
		{CDFD1749-189C-4F64-B5D7-E159455336E5}.Debug|x86.Build.0 = Debug|Any CPU
		{CDFD1749-189C-4F64-B5D7-E159455336E5}.Release|Any CPU.ActiveCfg = Release|Any CPU
		{CDFD1749-189C-4F64-B5D7-E159455336E5}.Release|Any CPU.Build.0 = Release|Any CPU
		{CDFD1749-189C-4F64-B5D7-E159455336E5}.Release|x64.ActiveCfg = Release|Any CPU
		{CDFD1749-189C-4F64-B5D7-E159455336E5}.Release|x64.Build.0 = Release|Any CPU
		{CDFD1749-189C-4F64-B5D7-E159455336E5}.Release|x86.ActiveCfg = Release|Any CPU
		{CDFD1749-189C-4F64-B5D7-E159455336E5}.Release|x86.Build.0 = Release|Any CPU
	EndGlobalSection
	GlobalSection(SolutionProperties) = preSolution
		HideSolutionNode = FALSE
	EndGlobalSection
	GlobalSection(NestedProjects) = preSolution
		{C5A3988A-FB04-41FD-B6A1-6F2D20429072} = {E6B091D0-3021-BD98-CFA0-BD3608D0E06E}
	EndGlobalSection
EndGlobal
